{
  "nodes": {
    "carrot-nvim": {
      "flake": false,
      "locked": {
        "lastModified": 1769295436,
        "narHash": "sha256-HdJ2eopOGQxlrj0aPgL1UB0W74oZ+i+BnIVXKsZnnA8=",
        "owner": "nilsblix",
        "repo": "carrot.nvim",
        "rev": "f3deddee431443b1d583d9334348284942edd9ae",
        "type": "github"
      },
      "original": {
        "owner": "nilsblix",
        "repo": "carrot.nvim",
        "type": "github"
      }
    },
    "cursor-dark-nvim": {
      "flake": false,
      "locked": {
        "lastModified": 1767211624,
        "narHash": "sha256-Kh7W9Yxoejt1eIsBJQWnztqrrSrCqH3MAXneSrYjTPQ=",
        "owner": "nilsblix",
        "repo": "cursor-dark.nvim",
        "rev": "df72b87f397489efe5978145e1347dad71d3a016",
        "type": "github"
      },
      "original": {
        "owner": "nilsblix",
        "repo": "cursor-dark.nvim",
        "type": "github"
      }
    },
    "cursor-light-nvim": {
      "flake": false,
      "locked": {
        "lastModified": 1764292069,
        "narHash": "sha256-k/bC87O0FIbKnTHVU6bSTK3dLkiwN/JdmT2i882PCqM=",
        "owner": "vpoltora",
        "repo": "cursor-light.nvim",
        "rev": "9397cbfc685a9686f66aee212232724981650381",
        "type": "github"
      },
      "original": {
        "owner": "vpoltora",
        "repo": "cursor-light.nvim",
        "type": "github"
      }
    },
    "flake-parts": {
      "inputs": {
        "nixpkgs-lib": [
          "neovim-nightly-overlay",
          "nixpkgs"
        ]
      },
      "locked": {
        "lastModified": 1765835352,
        "narHash": "sha256-XswHlK/Qtjasvhd1nOa1e8MgZ8GS//jBoTqWtrS1Giw=",
        "owner": "hercules-ci",
        "repo": "flake-parts",
        "rev": "a34fae9c08a15ad73f295041fec82323541400a9",
        "type": "github"
      },
      "original": {
        "owner": "hercules-ci",
        "repo": "flake-parts",
        "type": "github"
      }
    },
    "flake-utils": {
      "inputs": {
        "systems": "systems"
      },
      "locked": {
        "lastModified": 1731533236,
        "narHash": "sha256-l0KFg5HjrsfsO/JpG+r7fRrqm12kzFHyUHqHCVpMMbI=",
        "owner": "numtide",
        "repo": "flake-utils",
        "rev": "11707dc2f618dd54ca8739b309ec4fc024de578b",
        "type": "github"
      },
      "original": {
        "owner": "numtide",
        "repo": "flake-utils",
        "type": "github"
      }
    },
    "helix-nvim": {
      "flake": false,
      "locked": {
        "lastModified": 1761071675,
        "narHash": "sha256-D+5z862J8r7ALPiW9NfOOFo/hzsd8uDpz6bpqW0kzss=",
        "owner": "nilsblix",
        "repo": "helix.nvim",
        "rev": "af9869e26c5fefb68227bd674f1213f6c76df5d7",
        "type": "github"
      },
      "original": {
        "owner": "nilsblix",
        "repo": "helix.nvim",
        "type": "github"
      }
    },
    "neovim-nightly-overlay": {
      "inputs": {
        "flake-parts": "flake-parts",
        "neovim-src": "neovim-src",
        "nixpkgs": [
          "nixpkgs"
        ]
      },
      "locked": {
        "lastModified": 1766966701,
        "narHash": "sha256-3AGsMM+RuiIBcnB0I02YyZ5AMMBPYPsNZYU48Yjyntk=",
        "owner": "nix-community",
        "repo": "neovim-nightly-overlay",
        "rev": "c2a582cef5ccd506e2fae438c7506238d38ced30",
        "type": "github"
      },
      "original": {
        "owner": "nix-community",
        "repo": "neovim-nightly-overlay",
        "type": "github"
      }
    },
    "neovim-src": {
      "flake": false,
      "locked": {
        "lastModified": 1766966205,
        "narHash": "sha256-0QP+beaZydoVTJT8gKVInyKX4yMPWfvS2feY9hulW5E=",
        "owner": "neovim",
        "repo": "neovim",
        "rev": "e916f0327728c78945e6353eeeeb88749b077c0b",
        "type": "github"
      },
      "original": {
        "owner": "neovim",
        "repo": "neovim",
        "type": "github"
      }
    },
    "nixpkgs": {
      "locked": {
        "lastModified": 1763678758,
        "narHash": "sha256-+hBiJ+kG5IoffUOdlANKFflTT5nO3FrrR2CA3178Y5s=",
        "owner": "NixOS",
        "repo": "nixpkgs",
        "rev": "117cc7f94e8072499b0a7aa4c52084fa4e11cc9b",
        "type": "github"
      },
      "original": {
        "owner": "NixOS",
        "ref": "nixos-unstable",
        "repo": "nixpkgs",
        "type": "github"
      }
    },
    "root": {
      "inputs": {
        "carrot-nvim": "carrot-nvim",
        "cursor-dark-nvim": "cursor-dark-nvim",
        "cursor-light-nvim": "cursor-light-nvim",
        "flake-utils": "flake-utils",
        "helix-nvim": "helix-nvim",
        "neovim-nightly-overlay": "neovim-nightly-overlay",
        "nixpkgs": "nixpkgs"
      }
    },
    "systems": {
      "locked": {
        "lastModified": 1681028828,
        "narHash": "sha256-Vy1rq5AaRuLzOxct8nz4T6wlgyUR7zLU309k9mBC768=",
        "owner": "nix-systems",
        "repo": "default",
        "rev": "da67096a3b9bf56a91d16901293e51ba5b49a27e",
        "type": "github"
      },
      "original": {
        "owner": "nix-systems",
        "repo": "default",
        "type": "github"
      }
    }
  },
  "root": "root",
  "version": 7
}
